
Microsoft Visual Studio Solution File, Format Version 12.00
# Visual Studio Version 17
VisualStudioVersion = 17.13.35828.75 d17.13
MinimumVisualStudioVersion = 10.0.40219.1
Project("{FAE04EC0-301F-11D3-BF4B-00C04F79EFBC}") = "NaturalLanguageProcessing", "NaturalLanguageProcessing\NaturalLanguageProcessing.csproj", "{A65167EE-3105-4BBE-9F5B-C99C3893672A}"
EndProject
Global
	GlobalSection(SolutionConfigurationPlatforms) = preSolution
		Debug|Any CPU = Debug|Any CPU
		Release|Any CPU = Release|Any CPU
	EndGlobalSection
	GlobalSection(ProjectConfigurationPlatforms) = postSolution
		{A65167EE-3105-4BBE-9F5B-C99C3893672A}.Debug|Any CPU.ActiveCfg = Debug|Any CPU
		{A65167EE-3105-4BBE-9F5B-C99C3893672A}.Debug|Any CPU.Build.0 = Debug|Any CPU
		{A65167EE-3105-4BBE-9F5B-C99C3893672A}.Release|Any CPU.ActiveCfg = Release|Any CPU
		{A65167EE-3105-4BBE-9F5B-C99C3893672A}.Release|Any CPU.Build.0 = Release|Any CPU
	EndGlobalSection
	GlobalSection(SolutionProperties) = preSolution
		HideSolutionNode = FALSE
	EndGlobalSection
	GlobalSection(ExtensibilityGlobals) = postSolution
		SolutionGuid = {43889B92-A28F-4A2B-AA07-C51CC0E164B9}
	EndGlobalSection
EndGlobal
